{
  "version": 4,
  "terraform_version": "0.12.3",
  "serial": 42,
  "lineage": "03ef5e2c-9845-4d79-134f-aa9946b0fe0c",
  "outputs": {},
  "resources": [
    {
      "mode": "managed",
      "type": "datadog_dashboard",
      "name": "ordered_dashboard",
      "provider": "provider.datadog",
      "instances": [
        {
          "schema_version": 0,
          "attributes": {
            "description": "Created using the Datadog provider in Terraform",
            "id": "ik7-kzf-2v8",
            "is_read_only": true,
            "layout_type": "ordered",
            "notify_list": [],
            "template_variable": [],
            "template_variable_preset": [],
            "title": "Ordered Layout Dashboard_cng",
            "widget": [
              {
                "alert_graph_definition": [],
                "alert_value_definition": [],
                "change_definition": [],
                "check_status_definition": [],
                "distribution_definition": [],
                "event_stream_definition": [],
                "event_timeline_definition": [],
                "free_text_definition": [],
                "group_definition": [],
                "heatmap_definition": [],
                "hostmap_definition": [],
                "iframe_definition": [],
                "image_definition": [],
                "layout": {},
                "log_stream_definition": [],
                "manage_status_definition": [],
                "note_definition": [],
                "query_table_definition": [],
                "query_value_definition": [],
                "scatterplot_definition": [],
                "service_level_objective_definition": [],
                "timeseries_definition": [
                  {
                    "event": [],
                    "legend_size": "",
                    "marker": [],
                    "request": [
                      {
                        "apm_query": [],
                        "display_type": "",
                        "log_query": [],
                        "metadata": [],
                        "process_query": [],
                        "q": "avg:system.cpu.user{*}",
                        "style": []
                      }
                    ],
                    "show_legend": false,
                    "time": {},
                    "title": "CPU used",
                    "title_align": "",
                    "title_size": "",
                    "yaxis": []
                  }
                ],
                "toplist_definition": [],
                "trace_service_definition": []
              },
              {
                "alert_graph_definition": [],
                "alert_value_definition": [],
                "change_definition": [],
                "check_status_definition": [],
                "distribution_definition": [],
                "event_stream_definition": [],
                "event_timeline_definition": [],
                "free_text_definition": [],
                "group_definition": [],
                "heatmap_definition": [],
                "hostmap_definition": [],
                "iframe_definition": [],
                "image_definition": [],
                "layout": {},
                "log_stream_definition": [],
                "manage_status_definition": [],
                "note_definition": [],
                "query_table_definition": [],
                "query_value_definition": [],
                "scatterplot_definition": [],
                "service_level_objective_definition": [],
                "timeseries_definition": [
                  {
                    "event": [],
                    "legend_size": "",
                    "marker": [],
                    "request": [
                      {
                        "apm_query": [],
                        "display_type": "",
                        "log_query": [],
                        "metadata": [],
                        "process_query": [],
                        "q": "avg:system.mem.used{*}",
                        "style": []
                      }
                    ],
                    "show_legend": false,
                    "time": {},
                    "title": "Memory used",
                    "title_align": "",
                    "title_size": "",
                    "yaxis": []
                  }
                ],
                "toplist_definition": [],
                "trace_service_definition": []
              }
            ]
          },
          "private": "bnVsbA=="
        }
      ]
    }
  ]
}
